
Microsoft Visual Studio Solution File, Format Version 12.00
# Visual Studio Version 17
VisualStudioVersion = 17.10.35013.160
MinimumVisualStudioVersion = 10.0.40219.1
Project("{FAE04EC0-301F-11D3-BF4B-00C04F79EFBC}") = "MusicPlaylist.API", "MusicPlaylist.API.csproj", "{23E68B94-E08C-419B-A570-F35C15FE06AF}"
EndProject
Global
	GlobalSection(SolutionConfigurationPlatforms) = preSolution
		Debug|Any CPU = Debug|Any CPU
		Release|Any CPU = Release|Any CPU
	EndGlobalSection
	GlobalSection(ProjectConfigurationPlatforms) = postSolution
		{23E68B94-E08C-419B-A570-F35C15FE06AF}.Debug|Any CPU.ActiveCfg = Debug|Any CPU
		{23E68B94-E08C-419B-A570-F35C15FE06AF}.Debug|Any CPU.Build.0 = Debug|Any CPU
		{23E68B94-E08C-419B-A570-F35C15FE06AF}.Release|Any CPU.ActiveCfg = Release|Any CPU
		{23E68B94-E08C-419B-A570-F35C15FE06AF}.Release|Any CPU.Build.0 = Release|Any CPU
	EndGlobalSection
	GlobalSection(SolutionProperties) = preSolution
		HideSolutionNode = FALSE
	EndGlobalSection
	GlobalSection(ExtensibilityGlobals) = postSolution
		SolutionGuid = {47E03CBA-541F-4677-942F-B7C64437BBE2}
	EndGlobalSection
EndGlobal
